# This file is automatically @generated by Cargo.
# It is not intended for manual editing.
version = 4

[[package]]
name = "autocfg"
version = "1.4.0"
source = "registry+https://github.com/rust-lang/crates.io-index"
checksum = "ace50bade8e6234aa140d9a2f552bbee1db4d353f69b8217bc503490fc1a9f26"

[[package]]
name = "hashbrown"
version = "0.12.3"
source = "registry+https://github.com/rust-lang/crates.io-index"
checksum = "8a9ee70c43aaf417c914396645a0fa852624801b24ebb7ae78fe8272889ac888"

[[package]]
name = "indexmap"
version = "1.9.3"
source = "registry+https://github.com/rust-lang/crates.io-index"
checksum = "bd070e393353796e801d209ad339e89596eb4c8d430d18ede6a1cced8fafbd99"
dependencies = [
 "autocfg",
 "hashbrown",
]

[[package]]
name = "slotmap"
version = "1.0.7"
source = "registry+https://github.com/rust-lang/crates.io-index"
checksum = "dbff4acf519f630b3a3ddcfaea6c06b42174d9a44bc70c620e9ed1649d58b82a"
dependencies = [
 "version_check",
]

[[package]]
name = "version_check"
version = "0.9.5"
source = "registry+https://github.com/rust-lang/crates.io-index"
checksum = "0b928f33d975fc6ad9f86c8f283853ad26bdd5b10b7f1542aa2fa15e2289105a"

[[package]]
name = "vogls"
version = "0.1.0"
dependencies = [
 "slotmap",
 "vogls-ir",
 "vogls-sim",
 "vogls-verilog",
]

[[package]]
name = "vogls-elaborate"
version = "0.1.0"
dependencies = [
 "slotmap",
 "vogls-ir",
]

[[package]]
name = "vogls-ir"
version = "0.1.0"
dependencies = [
 "indexmap",
 "slotmap",
]

[[package]]
name = "vogls-sim"
version = "0.1.0"
dependencies = [
 "slotmap",
 "vogls-ir",
]

[[package]]
name = "vogls-verilog"
version = "0.1.0"
dependencies = [
 "vogls-ir",
]
