# This file is automatically @generated by Cargo.
# It is not intended for manual editing.
version = 4

[[package]]
name = "vogls"
version = "0.1.0"
dependencies = [
 "vogls-sim",
 "vogls-verilog",
]

[[package]]
name = "vogls-sim"
version = "0.1.0"

[[package]]
name = "vogls-verilog"
version = "0.1.0"
